{
  "projects": [
    {
      "projectId": "ohDidvG9XsCeFumugENU3J",
      "version": "6.21.0",
      "dependencies": {},
      "lang": "js",
      "fileLocks": [
        {
          "assetId": "ohDidvG9XsCeFumugENU3J",
          "type": "projectCss",
          "checksum": "fd83b730367fdbde2c69bc6cf31c2a3c"
        },
        {
          "assetId": "ohDidvG9XsCeFumugENU3J",
          "checksum": "de0a0e65174a6a185a8f822af51c6bdd",
          "type": "globalContexts"
        }
      ],
      "codegenVersion": "0.0.1"
    },
    {
      "projectId": "7nJ7UcFmq9UzB6eXfC5z4a",
      "version": "0.26.0",
      "dependencies": {},
      "lang": "js",
      "fileLocks": [
        {
          "assetId": "7nJ7UcFmq9UzB6eXfC5z4a",
          "type": "projectCss",
          "checksum": "05587b57f22f0ec8bb54543deb39762e"
        }
      ],
      "codegenVersion": "0.0.1"
    },
    {
      "projectId": "s9ia4z2E23DAffUuu1Ssbb",
      "version": "latest",
      "dependencies": {
        "7nJ7UcFmq9UzB6eXfC5z4a": "0.26.0",
        "ohDidvG9XsCeFumugENU3J": "6.21.0"
      },
      "lang": "js",
      "fileLocks": [
        {
          "type": "globalVariant",
          "assetId": "O83w9V6lhEcF",
          "checksum": "5e63b668ccabceac063497d8b52346a9"
        },
        {
          "assetId": "s9ia4z2E23DAffUuu1Ssbb",
          "type": "projectCss",
          "checksum": "332c96622fcd788396c1c08cb21da735"
        },
        {
          "assetId": "s9ia4z2E23DAffUuu1Ssbb",
          "checksum": "0da7dee50b673808de6a27df6150236b",
          "type": "globalContexts"
        },
        {
          "type": "renderModule",
          "assetId": "Er6icV7ZsLRW",
          "checksum": "8fb12e9ecd99b4703a44d43a9c355712"
        },
        {
          "type": "cssRules",
          "assetId": "Er6icV7ZsLRW",
          "checksum": "8fb12e9ecd99b4703a44d43a9c355712"
        },
        {
          "type": "renderModule",
          "assetId": "cpVl5tz63Gxo",
          "checksum": "28ce3821844dc7b90ae7bcb62caa818d"
        },
        {
          "type": "cssRules",
          "assetId": "cpVl5tz63Gxo",
          "checksum": "28ce3821844dc7b90ae7bcb62caa818d"
        },
        {
          "type": "icon",
          "assetId": "Q9tqmcezAjxw",
          "checksum": "6a0d71bfd46440989ab0d4b44cac8c46"
        },
        {
          "type": "icon",
          "assetId": "pFRxfwZqreaF",
          "checksum": "ef565d1eb5bed8ff31f83732ba428b61"
        },
        {
          "type": "icon",
          "assetId": "qua0qEzZ_P4s",
          "checksum": "e9b371265e3a4829e869f79887954f12"
        },
        {
          "type": "icon",
          "assetId": "4qfD6ECxxUU7",
          "checksum": "cf30c66e054fc321f603d4352dd2f823"
        },
        {
          "type": "icon",
          "assetId": "HX4afrC7ML08",
          "checksum": "a2df3babe1c81b4e66a4dae9002f825c"
        },
        {
          "type": "image",
          "assetId": "9hUegLHeBRYA",
          "checksum": "b9ebcad6af627194c82e6309b65d57ca"
        },
        {
          "type": "image",
          "assetId": "_A8MF2hyd1mk",
          "checksum": "01f108f86178fcb9837178ddb5e35981"
        },
        {
          "type": "image",
          "assetId": "tYQmjTvycTd8",
          "checksum": "cb8a8d6e5a9a4696d0c5fed07898a5ae"
        },
        {
          "type": "image",
          "assetId": "NK51L8ljn-S2",
          "checksum": "b25e078bb31935a529e8225c7d331971"
        },
        {
          "type": "image",
          "assetId": "PGieXcialXNT",
          "checksum": "2d05cc048c3e7496c1552f2843cd040a"
        },
        {
          "type": "image",
          "assetId": "K5g6ElbQ7yS0",
          "checksum": "b91246a8d773ad6761ef50fdd5a37cde"
        },
        {
          "type": "image",
          "assetId": "AXfKQye5n8B_",
          "checksum": "b74cdc559ad2e7da6f003ca1324f9445"
        },
        {
          "type": "image",
          "assetId": "MDN3aigaYCz9",
          "checksum": "db80fc5f91369ba14defc9c43512832b"
        },
        {
          "type": "image",
          "assetId": "a1XE1psDeMX-",
          "checksum": "a173ed7fb88b5e5c9a617ac3583ccb17"
        },
        {
          "type": "image",
          "assetId": "T3v3qZVRfYUG",
          "checksum": "275c2a1efe9fd68e99004faa995a74fc"
        }
      ],
      "codegenVersion": "0.0.1"
    }
  ],
  "cliVersion": "0.1.327"
}
